// !$*UTF8*$!
{
	archiveVersion = 1;
	classes = {
	};
	objectVersion = 56;
	objects = {

/* Begin PBXBuildFile section */
		41FD93682A2CBCFA009C887D /* AppDelegate.swift in Sources */ = {isa = PBXBuildFile; fileRef = 41FD93672A2CBCFA009C887D /* AppDelegate.swift */; };
		41FD936A2A2CBCFA009C887D /* SceneDelegate.swift in Sources */ = {isa = PBXBuildFile; fileRef = 41FD93692A2CBCFA009C887D /* SceneDelegate.swift */; };
		41FD93712A2CBCFB009C887D /* Assets.xcassets in Resources */ = {isa = PBXBuildFile; fileRef = 41FD93702A2CBCFB009C887D /* Assets.xcassets */; };
		41FD93742A2CBCFB009C887D /* LaunchScreen.storyboard in Resources */ = {isa = PBXBuildFile; fileRef = 41FD93722A2CBCFB009C887D /* LaunchScreen.storyboard */; };
		41FD937F2A2CBCFB009C887D /* TopMenuTests.swift in Sources */ = {isa = PBXBuildFile; fileRef = 41FD937E2A2CBCFB009C887D /* TopMenuTests.swift */; };
		41FD93892A2CBCFB009C887D /* TopMenuUITests.swift in Sources */ = {isa = PBXBuildFile; fileRef = 41FD93882A2CBCFB009C887D /* TopMenuUITests.swift */; };
		41FD938B2A2CBCFB009C887D /* TopMenuUITestsLaunchTests.swift in Sources */ = {isa = PBXBuildFile; fileRef = 41FD938A2A2CBCFB009C887D /* TopMenuUITestsLaunchTests.swift */; };
		41FD939F2A2CC6DA009C887D /* Menu.storyboard in Resources */ = {isa = PBXBuildFile; fileRef = 41FD939E2A2CC6DA009C887D /* Menu.storyboard */; };
		41FD93A12A2CC761009C887D /* TopTabView.swift in Sources */ = {isa = PBXBuildFile; fileRef = 41FD93A02A2CC761009C887D /* TopTabView.swift */; };
		41FD93A42A2CCFBE009C887D /* TopTabCollectionViewCell.swift in Sources */ = {isa = PBXBuildFile; fileRef = 41FD93A22A2CCFBE009C887D /* TopTabCollectionViewCell.swift */; };
		41FD93A52A2CCFBE009C887D /* TopTabCollectionViewCell.xib in Resources */ = {isa = PBXBuildFile; fileRef = 41FD93A32A2CCFBE009C887D /* TopTabCollectionViewCell.xib */; };
		41FD93A72A2CD817009C887D /* MenuViewController.swift in Sources */ = {isa = PBXBuildFile; fileRef = 41FD93A62A2CD817009C887D /* MenuViewController.swift */; };
		41FD93A92A2CD838009C887D /* MenuPageViewController.swift in Sources */ = {isa = PBXBuildFile; fileRef = 41FD93A82A2CD838009C887D /* MenuPageViewController.swift */; };
		41FD93AB2A2CD99D009C887D /* Menu.swift in Sources */ = {isa = PBXBuildFile; fileRef = 41FD93AA2A2CD99D009C887D /* Menu.swift */; };
		41FD93B62A2D14FA009C887D /* TabOneViewController.swift in Sources */ = {isa = PBXBuildFile; fileRef = 41FD93B52A2D14FA009C887D /* TabOneViewController.swift */; };
		41FD93B82A2D150F009C887D /* TabOne.storyboard in Resources */ = {isa = PBXBuildFile; fileRef = 41FD93B72A2D150F009C887D /* TabOne.storyboard */; };
		41FD93BA2A2D1529009C887D /* TabTwo.storyboard in Resources */ = {isa = PBXBuildFile; fileRef = 41FD93B92A2D1529009C887D /* TabTwo.storyboard */; };
		41FD93BC2A2D153F009C887D /* TabTwoViewController.swift in Sources */ = {isa = PBXBuildFile; fileRef = 41FD93BB2A2D153F009C887D /* TabTwoViewController.swift */; };
		41FD93BE2A2D1560009C887D /* TabThreeViewController.swift in Sources */ = {isa = PBXBuildFile; fileRef = 41FD93BD2A2D1560009C887D /* TabThreeViewController.swift */; };
		41FD93C02A2D1577009C887D /* TabThree.storyboard in Resources */ = {isa = PBXBuildFile; fileRef = 41FD93BF2A2D1577009C887D /* TabThree.storyboard */; };
/* End PBXBuildFile section */

/* Begin PBXContainerItemProxy section */
		41FD937B2A2CBCFB009C887D /* PBXContainerItemProxy */ = {
			isa = PBXContainerItemProxy;
			containerPortal = 41FD935C2A2CBCFA009C887D /* Project object */;
			proxyType = 1;
			remoteGlobalIDString = 41FD93632A2CBCFA009C887D;
			remoteInfo = TopMenu;
		};
		41FD93852A2CBCFB009C887D /* PBXContainerItemProxy */ = {
			isa = PBXContainerItemProxy;
			containerPortal = 41FD935C2A2CBCFA009C887D /* Project object */;
			proxyType = 1;
			remoteGlobalIDString = 41FD93632A2CBCFA009C887D;
			remoteInfo = TopMenu;
		};
/* End PBXContainerItemProxy section */

/* Begin PBXFileReference section */
		41FD93642A2CBCFA009C887D /* TopMenu.app */ = {isa = PBXFileReference; explicitFileType = wrapper.application; includeInIndex = 0; path = TopMenu.app; sourceTree = BUILT_PRODUCTS_DIR; };
		41FD93672A2CBCFA009C887D /* AppDelegate.swift */ = {isa = PBXFileReference; lastKnownFileType = sourcecode.swift; path = AppDelegate.swift; sourceTree = "<group>"; };
		41FD93692A2CBCFA009C887D /* SceneDelegate.swift */ = {isa = PBXFileReference; lastKnownFileType = sourcecode.swift; path = SceneDelegate.swift; sourceTree = "<group>"; };
		41FD93702A2CBCFB009C887D /* Assets.xcassets */ = {isa = PBXFileReference; lastKnownFileType = folder.assetcatalog; path = Assets.xcassets; sourceTree = "<group>"; };
		41FD93732A2CBCFB009C887D /* Base */ = {isa = PBXFileReference; lastKnownFileType = file.storyboard; name = Base; path = Base.lproj/LaunchScreen.storyboard; sourceTree = "<group>"; };
		41FD93752A2CBCFB009C887D /* Info.plist */ = {isa = PBXFileReference; lastKnownFileType = text.plist.xml; path = Info.plist; sourceTree = "<group>"; };
		41FD937A2A2CBCFB009C887D /* TopMenuTests.xctest */ = {isa = PBXFileReference; explicitFileType = wrapper.cfbundle; includeInIndex = 0; path = TopMenuTests.xctest; sourceTree = BUILT_PRODUCTS_DIR; };
		41FD937E2A2CBCFB009C887D /* TopMenuTests.swift */ = {isa = PBXFileReference; lastKnownFileType = sourcecode.swift; path = TopMenuTests.swift; sourceTree = "<group>"; };
		41FD93842A2CBCFB009C887D /* TopMenuUITests.xctest */ = {isa = PBXFileReference; explicitFileType = wrapper.cfbundle; includeInIndex = 0; path = TopMenuUITests.xctest; sourceTree = BUILT_PRODUCTS_DIR; };
		41FD93882A2CBCFB009C887D /* TopMenuUITests.swift */ = {isa = PBXFileReference; lastKnownFileType = sourcecode.swift; path = TopMenuUITests.swift; sourceTree = "<group>"; };
		41FD938A2A2CBCFB009C887D /* TopMenuUITestsLaunchTests.swift */ = {isa = PBXFileReference; lastKnownFileType = sourcecode.swift; path = TopMenuUITestsLaunchTests.swift; sourceTree = "<group>"; };
		41FD939E2A2CC6DA009C887D /* Menu.storyboard */ = {isa = PBXFileReference; lastKnownFileType = file.storyboard; path = Menu.storyboard; sourceTree = "<group>"; };
		41FD93A02A2CC761009C887D /* TopTabView.swift */ = {isa = PBXFileReference; lastKnownFileType = sourcecode.swift; path = TopTabView.swift; sourceTree = "<group>"; };
		41FD93A22A2CCFBE009C887D /* TopTabCollectionViewCell.swift */ = {isa = PBXFileReference; lastKnownFileType = sourcecode.swift; path = TopTabCollectionViewCell.swift; sourceTree = "<group>"; };
		41FD93A32A2CCFBE009C887D /* TopTabCollectionViewCell.xib */ = {isa = PBXFileReference; lastKnownFileType = file.xib; path = TopTabCollectionViewCell.xib; sourceTree = "<group>"; };
		41FD93A62A2CD817009C887D /* MenuViewController.swift */ = {isa = PBXFileReference; lastKnownFileType = sourcecode.swift; path = MenuViewController.swift; sourceTree = "<group>"; };
		41FD93A82A2CD838009C887D /* MenuPageViewController.swift */ = {isa = PBXFileReference; lastKnownFileType = sourcecode.swift; path = MenuPageViewController.swift; sourceTree = "<group>"; };
		41FD93AA2A2CD99D009C887D /* Menu.swift */ = {isa = PBXFileReference; lastKnownFileType = sourcecode.swift; path = Menu.swift; sourceTree = "<group>"; };
		41FD93B52A2D14FA009C887D /* TabOneViewController.swift */ = {isa = PBXFileReference; lastKnownFileType = sourcecode.swift; path = TabOneViewController.swift; sourceTree = "<group>"; };
		41FD93B72A2D150F009C887D /* TabOne.storyboard */ = {isa = PBXFileReference; lastKnownFileType = file.storyboard; path = TabOne.storyboard; sourceTree = "<group>"; };
		41FD93B92A2D1529009C887D /* TabTwo.storyboard */ = {isa = PBXFileReference; lastKnownFileType = file.storyboard; path = TabTwo.storyboard; sourceTree = "<group>"; };
		41FD93BB2A2D153F009C887D /* TabTwoViewController.swift */ = {isa = PBXFileReference; lastKnownFileType = sourcecode.swift; path = TabTwoViewController.swift; sourceTree = "<group>"; };
		41FD93BD2A2D1560009C887D /* TabThreeViewController.swift */ = {isa = PBXFileReference; lastKnownFileType = sourcecode.swift; path = TabThreeViewController.swift; sourceTree = "<group>"; };
		41FD93BF2A2D1577009C887D /* TabThree.storyboard */ = {isa = PBXFileReference; lastKnownFileType = file.storyboard; path = TabThree.storyboard; sourceTree = "<group>"; };
/* End PBXFileReference section */

/* Begin PBXFrameworksBuildPhase section */
		41FD93612A2CBCFA009C887D /* Frameworks */ = {
			isa = PBXFrameworksBuildPhase;
			buildActionMask = 2147483647;
			files = (
			);
			runOnlyForDeploymentPostprocessing = 0;
		};
		41FD93772A2CBCFB009C887D /* Frameworks */ = {
			isa = PBXFrameworksBuildPhase;
			buildActionMask = 2147483647;
			files = (
			);
			runOnlyForDeploymentPostprocessing = 0;
		};
		41FD93812A2CBCFB009C887D /* Frameworks */ = {
			isa = PBXFrameworksBuildPhase;
			buildActionMask = 2147483647;
			files = (
			);
			runOnlyForDeploymentPostprocessing = 0;
		};
/* End PBXFrameworksBuildPhase section */

/* Begin PBXGroup section */
		41FD935B2A2CBCFA009C887D = {
			isa = PBXGroup;
			children = (
				41FD93662A2CBCFA009C887D /* TopMenu */,
				41FD937D2A2CBCFB009C887D /* TopMenuTests */,
				41FD93872A2CBCFB009C887D /* TopMenuUITests */,
				41FD93652A2CBCFA009C887D /* Products */,
			);
			sourceTree = "<group>";
		};
		41FD93652A2CBCFA009C887D /* Products */ = {
			isa = PBXGroup;
			children = (
				41FD93642A2CBCFA009C887D /* TopMenu.app */,
				41FD937A2A2CBCFB009C887D /* TopMenuTests.xctest */,
				41FD93842A2CBCFB009C887D /* TopMenuUITests.xctest */,
			);
			name = Products;
			sourceTree = "<group>";
		};
		41FD93662A2CBCFA009C887D /* TopMenu */ = {
			isa = PBXGroup;
			children = (
				41FD93AC2A2D1497009C887D /* TabOne */,
				41FD93AD2A2D14A0009C887D /* TabTwo */,
				41FD93AE2A2D14A6009C887D /* TabThree */,
				41FD93992A2CC658009C887D /* Menu */,
				41FD93972A2CBD12009C887D /* App delegate */,
				41FD93702A2CBCFB009C887D /* Assets.xcassets */,
				41FD93982A2CBD42009C887D /* LaunchScreen */,
				41FD93752A2CBCFB009C887D /* Info.plist */,
			);
			path = TopMenu;
			sourceTree = "<group>";
		};
		41FD937D2A2CBCFB009C887D /* TopMenuTests */ = {
			isa = PBXGroup;
			children = (
				41FD937E2A2CBCFB009C887D /* TopMenuTests.swift */,
			);
			path = TopMenuTests;
			sourceTree = "<group>";
		};
		41FD93872A2CBCFB009C887D /* TopMenuUITests */ = {
			isa = PBXGroup;
			children = (
				41FD93882A2CBCFB009C887D /* TopMenuUITests.swift */,
				41FD938A2A2CBCFB009C887D /* TopMenuUITestsLaunchTests.swift */,
			);
			path = TopMenuUITests;
			sourceTree = "<group>";
		};
		41FD93972A2CBD12009C887D /* App delegate */ = {
			isa = PBXGroup;
			children = (
				41FD93672A2CBCFA009C887D /* AppDelegate.swift */,
				41FD93692A2CBCFA009C887D /* SceneDelegate.swift */,
			);
			path = "App delegate";
			sourceTree = "<group>";
		};
		41FD93982A2CBD42009C887D /* LaunchScreen */ = {
			isa = PBXGroup;
			children = (
				41FD93722A2CBCFB009C887D /* LaunchScreen.storyboard */,
			);
			path = LaunchScreen;
			sourceTree = "<group>";
		};
		41FD93992A2CC658009C887D /* Menu */ = {
			isa = PBXGroup;
			children = (
				41FD939B2A2CC694009C887D /* Model */,
				41FD939A2A2CC67C009C887D /* View */,
				41FD939C2A2CC69C009C887D /* ViewModel */,
				41FD939D2A2CC6A5009C887D /* Controller */,
			);
			path = Menu;
			sourceTree = "<group>";
		};
		41FD939A2A2CC67C009C887D /* View */ = {
			isa = PBXGroup;
			children = (
				41FD939E2A2CC6DA009C887D /* Menu.storyboard */,
				41FD93A02A2CC761009C887D /* TopTabView.swift */,
				41FD93A22A2CCFBE009C887D /* TopTabCollectionViewCell.swift */,
				41FD93A32A2CCFBE009C887D /* TopTabCollectionViewCell.xib */,
			);
			path = View;
			sourceTree = "<group>";
		};
		41FD939B2A2CC694009C887D /* Model */ = {
			isa = PBXGroup;
			children = (
				41FD93AA2A2CD99D009C887D /* Menu.swift */,
			);
			path = Model;
			sourceTree = "<group>";
		};
		41FD939C2A2CC69C009C887D /* ViewModel */ = {
			isa = PBXGroup;
			children = (
			);
			path = ViewModel;
			sourceTree = "<group>";
		};
		41FD939D2A2CC6A5009C887D /* Controller */ = {
			isa = PBXGroup;
			children = (
				41FD93A62A2CD817009C887D /* MenuViewController.swift */,
				41FD93A82A2CD838009C887D /* MenuPageViewController.swift */,
			);
			path = Controller;
			sourceTree = "<group>";
		};
		41FD93AC2A2D1497009C887D /* TabOne */ = {
			isa = PBXGroup;
			children = (
				41FD93AF2A2D14B3009C887D /* View */,
				41FD93B02A2D14B8009C887D /* Controller */,
			);
			path = TabOne;
			sourceTree = "<group>";
		};
		41FD93AD2A2D14A0009C887D /* TabTwo */ = {
			isa = PBXGroup;
			children = (
				41FD93B12A2D14C2009C887D /* View */,
				41FD93B22A2D14C7009C887D /* Controller */,
			);
			path = TabTwo;
			sourceTree = "<group>";
		};
		41FD93AE2A2D14A6009C887D /* TabThree */ = {
			isa = PBXGroup;
			children = (
				41FD93B42A2D14DA009C887D /* View */,
				41FD93B32A2D14D4009C887D /* Controller */,
			);
			path = TabThree;
			sourceTree = "<group>";
		};
		41FD93AF2A2D14B3009C887D /* View */ = {
			isa = PBXGroup;
			children = (
				41FD93B72A2D150F009C887D /* TabOne.storyboard */,
			);
			path = View;
			sourceTree = "<group>";
		};
		41FD93B02A2D14B8009C887D /* Controller */ = {
			isa = PBXGroup;
			children = (
				41FD93B52A2D14FA009C887D /* TabOneViewController.swift */,
			);
			path = Controller;
			sourceTree = "<group>";
		};
		41FD93B12A2D14C2009C887D /* View */ = {
			isa = PBXGroup;
			children = (
				41FD93B92A2D1529009C887D /* TabTwo.storyboard */,
			);
			path = View;
			sourceTree = "<group>";
		};
		41FD93B22A2D14C7009C887D /* Controller */ = {
			isa = PBXGroup;
			children = (
				41FD93BB2A2D153F009C887D /* TabTwoViewController.swift */,
			);
			path = Controller;
			sourceTree = "<group>";
		};
		41FD93B32A2D14D4009C887D /* Controller */ = {
			isa = PBXGroup;
			children = (
				41FD93BD2A2D1560009C887D /* TabThreeViewController.swift */,
			);
			path = Controller;
			sourceTree = "<group>";
		};
		41FD93B42A2D14DA009C887D /* View */ = {
			isa = PBXGroup;
			children = (
				41FD93BF2A2D1577009C887D /* TabThree.storyboard */,
			);
			path = View;
			sourceTree = "<group>";
		};
/* End PBXGroup section */

/* Begin PBXNativeTarget section */
		41FD93632A2CBCFA009C887D /* TopMenu */ = {
			isa = PBXNativeTarget;
			buildConfigurationList = 41FD938E2A2CBCFB009C887D /* Build configuration list for PBXNativeTarget "TopMenu" */;
			buildPhases = (
				41FD93602A2CBCFA009C887D /* Sources */,
				41FD93612A2CBCFA009C887D /* Frameworks */,
				41FD93622A2CBCFA009C887D /* Resources */,
			);
			buildRules = (
			);
			dependencies = (
			);
			name = TopMenu;
			productName = TopMenu;
			productReference = 41FD93642A2CBCFA009C887D /* TopMenu.app */;
			productType = "com.apple.product-type.application";
		};
		41FD93792A2CBCFB009C887D /* TopMenuTests */ = {
			isa = PBXNativeTarget;
			buildConfigurationList = 41FD93912A2CBCFB009C887D /* Build configuration list for PBXNativeTarget "TopMenuTests" */;
			buildPhases = (
				41FD93762A2CBCFB009C887D /* Sources */,
				41FD93772A2CBCFB009C887D /* Frameworks */,
				41FD93782A2CBCFB009C887D /* Resources */,
			);
			buildRules = (
			);
			dependencies = (
				41FD937C2A2CBCFB009C887D /* PBXTargetDependency */,
			);
			name = TopMenuTests;
			productName = TopMenuTests;
			productReference = 41FD937A2A2CBCFB009C887D /* TopMenuTests.xctest */;
			productType = "com.apple.product-type.bundle.unit-test";
		};
		41FD93832A2CBCFB009C887D /* TopMenuUITests */ = {
			isa = PBXNativeTarget;
			buildConfigurationList = 41FD93942A2CBCFB009C887D /* Build configuration list for PBXNativeTarget "TopMenuUITests" */;
			buildPhases = (
				41FD93802A2CBCFB009C887D /* Sources */,
				41FD93812A2CBCFB009C887D /* Frameworks */,
				41FD93822A2CBCFB009C887D /* Resources */,
			);
			buildRules = (
			);
			dependencies = (
				41FD93862A2CBCFB009C887D /* PBXTargetDependency */,
			);
			name = TopMenuUITests;
			productName = TopMenuUITests;
			productReference = 41FD93842A2CBCFB009C887D /* TopMenuUITests.xctest */;
			productType = "com.apple.product-type.bundle.ui-testing";
		};
/* End PBXNativeTarget section */

/* Begin PBXProject section */
		41FD935C2A2CBCFA009C887D /* Project object */ = {
			isa = PBXProject;
			attributes = {
				BuildIndependentTargetsInParallel = 1;
				LastSwiftUpdateCheck = 1420;
				LastUpgradeCheck = 1420;
				TargetAttributes = {
					41FD93632A2CBCFA009C887D = {
						CreatedOnToolsVersion = 14.2;
					};
					41FD93792A2CBCFB009C887D = {
						CreatedOnToolsVersion = 14.2;
						TestTargetID = 41FD93632A2CBCFA009C887D;
					};
					41FD93832A2CBCFB009C887D = {
						CreatedOnToolsVersion = 14.2;
						TestTargetID = 41FD93632A2CBCFA009C887D;
					};
				};
			};
			buildConfigurationList = 41FD935F2A2CBCFA009C887D /* Build configuration list for PBXProject "TopMenu" */;
			compatibilityVersion = "Xcode 14.0";
			developmentRegion = en;
			hasScannedForEncodings = 0;
			knownRegions = (
				en,
				Base,
			);
			mainGroup = 41FD935B2A2CBCFA009C887D;
			productRefGroup = 41FD93652A2CBCFA009C887D /* Products */;
			projectDirPath = "";
			projectRoot = "";
			targets = (
				41FD93632A2CBCFA009C887D /* TopMenu */,
				41FD93792A2CBCFB009C887D /* TopMenuTests */,
				41FD93832A2CBCFB009C887D /* TopMenuUITests */,
			);
		};
/* End PBXProject section */

/* Begin PBXResourcesBuildPhase section */
		41FD93622A2CBCFA009C887D /* Resources */ = {
			isa = PBXResourcesBuildPhase;
			buildActionMask = 2147483647;
			files = (
				41FD93C02A2D1577009C887D /* TabThree.storyboard in Resources */,
				41FD939F2A2CC6DA009C887D /* Menu.storyboard in Resources */,
				41FD93BA2A2D1529009C887D /* TabTwo.storyboard in Resources */,
				41FD93742A2CBCFB009C887D /* LaunchScreen.storyboard in Resources */,
				41FD93A52A2CCFBE009C887D /* TopTabCollectionViewCell.xib in Resources */,
				41FD93B82A2D150F009C887D /* TabOne.storyboard in Resources */,
				41FD93712A2CBCFB009C887D /* Assets.xcassets in Resources */,
			);
			runOnlyForDeploymentPostprocessing = 0;
		};
		41FD93782A2CBCFB009C887D /* Resources */ = {
			isa = PBXResourcesBuildPhase;
			buildActionMask = 2147483647;
			files = (
			);
			runOnlyForDeploymentPostprocessing = 0;
		};
		41FD93822A2CBCFB009C887D /* Resources */ = {
			isa = PBXResourcesBuildPhase;
			buildActionMask = 2147483647;
			files = (
			);
			runOnlyForDeploymentPostprocessing = 0;
		};
/* End PBXResourcesBuildPhase section */

/* Begin PBXSourcesBuildPhase section */
		41FD93602A2CBCFA009C887D /* Sources */ = {
			isa = PBXSourcesBuildPhase;
			buildActionMask = 2147483647;
			files = (
				41FD93682A2CBCFA009C887D /* AppDelegate.swift in Sources */,
				41FD93BE2A2D1560009C887D /* TabThreeViewController.swift in Sources */,
				41FD93A72A2CD817009C887D /* MenuViewController.swift in Sources */,
				41FD93BC2A2D153F009C887D /* TabTwoViewController.swift in Sources */,
				41FD93AB2A2CD99D009C887D /* Menu.swift in Sources */,
				41FD93A92A2CD838009C887D /* MenuPageViewController.swift in Sources */,
				41FD936A2A2CBCFA009C887D /* SceneDelegate.swift in Sources */,
				41FD93B62A2D14FA009C887D /* TabOneViewController.swift in Sources */,
				41FD93A42A2CCFBE009C887D /* TopTabCollectionViewCell.swift in Sources */,
				41FD93A12A2CC761009C887D /* TopTabView.swift in Sources */,
			);
			runOnlyForDeploymentPostprocessing = 0;
		};
		41FD93762A2CBCFB009C887D /* Sources */ = {
			isa = PBXSourcesBuildPhase;
			buildActionMask = 2147483647;
			files = (
				41FD937F2A2CBCFB009C887D /* TopMenuTests.swift in Sources */,
			);
			runOnlyForDeploymentPostprocessing = 0;
		};
		41FD93802A2CBCFB009C887D /* Sources */ = {
			isa = PBXSourcesBuildPhase;
			buildActionMask = 2147483647;
			files = (
				41FD93892A2CBCFB009C887D /* TopMenuUITests.swift in Sources */,
				41FD938B2A2CBCFB009C887D /* TopMenuUITestsLaunchTests.swift in Sources */,
			);
			runOnlyForDeploymentPostprocessing = 0;
		};
/* End PBXSourcesBuildPhase section */

/* Begin PBXTargetDependency section */
		41FD937C2A2CBCFB009C887D /* PBXTargetDependency */ = {
			isa = PBXTargetDependency;
			target = 41FD93632A2CBCFA009C887D /* TopMenu */;
			targetProxy = 41FD937B2A2CBCFB009C887D /* PBXContainerItemProxy */;
		};
		41FD93862A2CBCFB009C887D /* PBXTargetDependency */ = {
			isa = PBXTargetDependency;
			target = 41FD93632A2CBCFA009C887D /* TopMenu */;
			targetProxy = 41FD93852A2CBCFB009C887D /* PBXContainerItemProxy */;
		};
/* End PBXTargetDependency section */

/* Begin PBXVariantGroup section */
		41FD93722A2CBCFB009C887D /* LaunchScreen.storyboard */ = {
			isa = PBXVariantGroup;
			children = (
				41FD93732A2CBCFB009C887D /* Base */,
			);
			name = LaunchScreen.storyboard;
			sourceTree = "<group>";
		};
/* End PBXVariantGroup section */

/* Begin XCBuildConfiguration section */
		41FD938C2A2CBCFB009C887D /* Debug */ = {
			isa = XCBuildConfiguration;
			buildSettings = {
				ALWAYS_SEARCH_USER_PATHS = NO;
				CLANG_ANALYZER_NONNULL = YES;
				CLANG_ANALYZER_NUMBER_OBJECT_CONVERSION = YES_AGGRESSIVE;
				CLANG_CXX_LANGUAGE_STANDARD = "gnu++20";
				CLANG_ENABLE_MODULES = YES;
				CLANG_ENABLE_OBJC_ARC = YES;
				CLANG_ENABLE_OBJC_WEAK = YES;
				CLANG_WARN_BLOCK_CAPTURE_AUTORELEASING = YES;
				CLANG_WARN_BOOL_CONVERSION = YES;
				CLANG_WARN_COMMA = YES;
				CLANG_WARN_CONSTANT_CONVERSION = YES;
				CLANG_WARN_DEPRECATED_OBJC_IMPLEMENTATIONS = YES;
				CLANG_WARN_DIRECT_OBJC_ISA_USAGE = YES_ERROR;
				CLANG_WARN_DOCUMENTATION_COMMENTS = YES;
				CLANG_WARN_EMPTY_BODY = YES;
				CLANG_WARN_ENUM_CONVERSION = YES;
				CLANG_WARN_INFINITE_RECURSION = YES;
				CLANG_WARN_INT_CONVERSION = YES;
				CLANG_WARN_NON_LITERAL_NULL_CONVERSION = YES;
				CLANG_WARN_OBJC_IMPLICIT_RETAIN_SELF = YES;
				CLANG_WARN_OBJC_LITERAL_CONVERSION = YES;
				CLANG_WARN_OBJC_ROOT_CLASS = YES_ERROR;
				CLANG_WARN_QUOTED_INCLUDE_IN_FRAMEWORK_HEADER = YES;
				CLANG_WARN_RANGE_LOOP_ANALYSIS = YES;
				CLANG_WARN_STRICT_PROTOTYPES = YES;
				CLANG_WARN_SUSPICIOUS_MOVE = YES;
				CLANG_WARN_UNGUARDED_AVAILABILITY = YES_AGGRESSIVE;
				CLANG_WARN_UNREACHABLE_CODE = YES;
				CLANG_WARN__DUPLICATE_METHOD_MATCH = YES;
				COPY_PHASE_STRIP = NO;
				DEBUG_INFORMATION_FORMAT = dwarf;
				ENABLE_STRICT_OBJC_MSGSEND = YES;
				ENABLE_TESTABILITY = YES;
				GCC_C_LANGUAGE_STANDARD = gnu11;
				GCC_DYNAMIC_NO_PIC = NO;
				GCC_NO_COMMON_BLOCKS = YES;
				GCC_OPTIMIZATION_LEVEL = 0;
				GCC_PREPROCESSOR_DEFINITIONS = (
					"DEBUG=1",
					"$(inherited)",
				);
				GCC_WARN_64_TO_32_BIT_CONVERSION = YES;
				GCC_WARN_ABOUT_RETURN_TYPE = YES_ERROR;
				GCC_WARN_UNDECLARED_SELECTOR = YES;
				GCC_WARN_UNINITIALIZED_AUTOS = YES_AGGRESSIVE;
				GCC_WARN_UNUSED_FUNCTION = YES;
				GCC_WARN_UNUSED_VARIABLE = YES;
				IPHONEOS_DEPLOYMENT_TARGET = 16.2;
				MTL_ENABLE_DEBUG_INFO = INCLUDE_SOURCE;
				MTL_FAST_MATH = YES;
				ONLY_ACTIVE_ARCH = YES;
				SDKROOT = iphoneos;
				SWIFT_ACTIVE_COMPILATION_CONDITIONS = DEBUG;
				SWIFT_OPTIMIZATION_LEVEL = "-Onone";
			};
			name = Debug;
		};
		41FD938D2A2CBCFB009C887D /* Release */ = {
			isa = XCBuildConfiguration;
			buildSettings = {
				ALWAYS_SEARCH_USER_PATHS = NO;
				CLANG_ANALYZER_NONNULL = YES;
				CLANG_ANALYZER_NUMBER_OBJECT_CONVERSION = YES_AGGRESSIVE;
				CLANG_CXX_LANGUAGE_STANDARD = "gnu++20";
				CLANG_ENABLE_MODULES = YES;
				CLANG_ENABLE_OBJC_ARC = YES;
				CLANG_ENABLE_OBJC_WEAK = YES;
				CLANG_WARN_BLOCK_CAPTURE_AUTORELEASING = YES;
				CLANG_WARN_BOOL_CONVERSION = YES;
				CLANG_WARN_COMMA = YES;
				CLANG_WARN_CONSTANT_CONVERSION = YES;
				CLANG_WARN_DEPRECATED_OBJC_IMPLEMENTATIONS = YES;
				CLANG_WARN_DIRECT_OBJC_ISA_USAGE = YES_ERROR;
				CLANG_WARN_DOCUMENTATION_COMMENTS = YES;
				CLANG_WARN_EMPTY_BODY = YES;
				CLANG_WARN_ENUM_CONVERSION = YES;
				CLANG_WARN_INFINITE_RECURSION = YES;
				CLANG_WARN_INT_CONVERSION = YES;
				CLANG_WARN_NON_LITERAL_NULL_CONVERSION = YES;
				CLANG_WARN_OBJC_IMPLICIT_RETAIN_SELF = YES;
				CLANG_WARN_OBJC_LITERAL_CONVERSION = YES;
				CLANG_WARN_OBJC_ROOT_CLASS = YES_ERROR;
				CLANG_WARN_QUOTED_INCLUDE_IN_FRAMEWORK_HEADER = YES;
				CLANG_WARN_RANGE_LOOP_ANALYSIS = YES;
				CLANG_WARN_STRICT_PROTOTYPES = YES;
				CLANG_WARN_SUSPICIOUS_MOVE = YES;
				CLANG_WARN_UNGUARDED_AVAILABILITY = YES_AGGRESSIVE;
				CLANG_WARN_UNREACHABLE_CODE = YES;
				CLANG_WARN__DUPLICATE_METHOD_MATCH = YES;
				COPY_PHASE_STRIP = NO;
				DEBUG_INFORMATION_FORMAT = "dwarf-with-dsym";
				ENABLE_NS_ASSERTIONS = NO;
				ENABLE_STRICT_OBJC_MSGSEND = YES;
				GCC_C_LANGUAGE_STANDARD = gnu11;
				GCC_NO_COMMON_BLOCKS = YES;
				GCC_WARN_64_TO_32_BIT_CONVERSION = YES;
				GCC_WARN_ABOUT_RETURN_TYPE = YES_ERROR;
				GCC_WARN_UNDECLARED_SELECTOR = YES;
				GCC_WARN_UNINITIALIZED_AUTOS = YES_AGGRESSIVE;
				GCC_WARN_UNUSED_FUNCTION = YES;
				GCC_WARN_UNUSED_VARIABLE = YES;
				IPHONEOS_DEPLOYMENT_TARGET = 16.2;
				MTL_ENABLE_DEBUG_INFO = NO;
				MTL_FAST_MATH = YES;
				SDKROOT = iphoneos;
				SWIFT_COMPILATION_MODE = wholemodule;
				SWIFT_OPTIMIZATION_LEVEL = "-O";
				VALIDATE_PRODUCT = YES;
			};
			name = Release;
		};
		41FD938F2A2CBCFB009C887D /* Debug */ = {
			isa = XCBuildConfiguration;
			buildSettings = {
				ASSETCATALOG_COMPILER_APPICON_NAME = AppIcon;
				ASSETCATALOG_COMPILER_GLOBAL_ACCENT_COLOR_NAME = AccentColor;
				CODE_SIGN_STYLE = Automatic;
				CURRENT_PROJECT_VERSION = 1;
				DEVELOPMENT_TEAM = 5MJL9QS49T;
				GENERATE_INFOPLIST_FILE = YES;
				INFOPLIST_FILE = TopMenu/Info.plist;
				INFOPLIST_KEY_UIApplicationSupportsIndirectInputEvents = YES;
				INFOPLIST_KEY_UILaunchStoryboardName = LaunchScreen;
				INFOPLIST_KEY_UIMainStoryboardFile = Menu;
				INFOPLIST_KEY_UISupportedInterfaceOrientations_iPad = "UIInterfaceOrientationPortrait UIInterfaceOrientationPortraitUpsideDown UIInterfaceOrientationLandscapeLeft UIInterfaceOrientationLandscapeRight";
				INFOPLIST_KEY_UISupportedInterfaceOrientations_iPhone = "UIInterfaceOrientationPortrait UIInterfaceOrientationLandscapeLeft UIInterfaceOrientationLandscapeRight";
				LD_RUNPATH_SEARCH_PATHS = (
					"$(inherited)",
					"@executable_path/Frameworks",
				);
				MARKETING_VERSION = 1.0;
				PRODUCT_BUNDLE_IDENTIFIER = Generic.TopMenu;
				PRODUCT_NAME = "$(TARGET_NAME)";
				SWIFT_EMIT_LOC_STRINGS = YES;
				SWIFT_VERSION = 5.0;
				TARGETED_DEVICE_FAMILY = "1,2";
			};
			name = Debug;
		};
		41FD93902A2CBCFB009C887D /* Release */ = {
			isa = XCBuildConfiguration;
			buildSettings = {
				ASSETCATALOG_COMPILER_APPICON_NAME = AppIcon;
				ASSETCATALOG_COMPILER_GLOBAL_ACCENT_COLOR_NAME = AccentColor;
				CODE_SIGN_STYLE = Automatic;
				CURRENT_PROJECT_VERSION = 1;
				DEVELOPMENT_TEAM = 5MJL9QS49T;
				GENERATE_INFOPLIST_FILE = YES;
				INFOPLIST_FILE = TopMenu/Info.plist;
				INFOPLIST_KEY_UIApplicationSupportsIndirectInputEvents = YES;
				INFOPLIST_KEY_UILaunchStoryboardName = LaunchScreen;
				INFOPLIST_KEY_UIMainStoryboardFile = Menu;
				INFOPLIST_KEY_UISupportedInterfaceOrientations_iPad = "UIInterfaceOrientationPortrait UIInterfaceOrientationPortraitUpsideDown UIInterfaceOrientationLandscapeLeft UIInterfaceOrientationLandscapeRight";
				INFOPLIST_KEY_UISupportedInterfaceOrientations_iPhone = "UIInterfaceOrientationPortrait UIInterfaceOrientationLandscapeLeft UIInterfaceOrientationLandscapeRight";
				LD_RUNPATH_SEARCH_PATHS = (
					"$(inherited)",
					"@executable_path/Frameworks",
				);
				MARKETING_VERSION = 1.0;
				PRODUCT_BUNDLE_IDENTIFIER = Generic.TopMenu;
				PRODUCT_NAME = "$(TARGET_NAME)";
				SWIFT_EMIT_LOC_STRINGS = YES;
				SWIFT_VERSION = 5.0;
				TARGETED_DEVICE_FAMILY = "1,2";
			};
			name = Release;
		};
		41FD93922A2CBCFB009C887D /* Debug */ = {
			isa = XCBuildConfiguration;
			buildSettings = {
				ALWAYS_EMBED_SWIFT_STANDARD_LIBRARIES = YES;
				BUNDLE_LOADER = "$(TEST_HOST)";
				CODE_SIGN_STYLE = Automatic;
				CURRENT_PROJECT_VERSION = 1;
				GENERATE_INFOPLIST_FILE = YES;
				IPHONEOS_DEPLOYMENT_TARGET = 16.2;
				MARKETING_VERSION = 1.0;
				PRODUCT_BUNDLE_IDENTIFIER = Generic.TopMenuTests;
				PRODUCT_NAME = "$(TARGET_NAME)";
				SWIFT_EMIT_LOC_STRINGS = NO;
				SWIFT_VERSION = 5.0;
				TARGETED_DEVICE_FAMILY = "1,2";
				TEST_HOST = "$(BUILT_PRODUCTS_DIR)/TopMenu.app/$(BUNDLE_EXECUTABLE_FOLDER_PATH)/TopMenu";
			};
			name = Debug;
		};
		41FD93932A2CBCFB009C887D /* Release */ = {
			isa = XCBuildConfiguration;
			buildSettings = {
				ALWAYS_EMBED_SWIFT_STANDARD_LIBRARIES = YES;
				BUNDLE_LOADER = "$(TEST_HOST)";
				CODE_SIGN_STYLE = Automatic;
				CURRENT_PROJECT_VERSION = 1;
				GENERATE_INFOPLIST_FILE = YES;
				IPHONEOS_DEPLOYMENT_TARGET = 16.2;
				MARKETING_VERSION = 1.0;
				PRODUCT_BUNDLE_IDENTIFIER = Generic.TopMenuTests;
				PRODUCT_NAME = "$(TARGET_NAME)";
				SWIFT_EMIT_LOC_STRINGS = NO;
				SWIFT_VERSION = 5.0;
				TARGETED_DEVICE_FAMILY = "1,2";
				TEST_HOST = "$(BUILT_PRODUCTS_DIR)/TopMenu.app/$(BUNDLE_EXECUTABLE_FOLDER_PATH)/TopMenu";
			};
			name = Release;
		};
		41FD93952A2CBCFB009C887D /* Debug */ = {
			isa = XCBuildConfiguration;
			buildSettings = {
				ALWAYS_EMBED_SWIFT_STANDARD_LIBRARIES = YES;
				CODE_SIGN_STYLE = Automatic;
				CURRENT_PROJECT_VERSION = 1;
				GENERATE_INFOPLIST_FILE = YES;
				MARKETING_VERSION = 1.0;
				PRODUCT_BUNDLE_IDENTIFIER = Generic.TopMenuUITests;
				PRODUCT_NAME = "$(TARGET_NAME)";
				SWIFT_EMIT_LOC_STRINGS = NO;
				SWIFT_VERSION = 5.0;
				TARGETED_DEVICE_FAMILY = "1,2";
				TEST_TARGET_NAME = TopMenu;
			};
			name = Debug;
		};
		41FD93962A2CBCFB009C887D /* Release */ = {
			isa = XCBuildConfiguration;
			buildSettings = {
				ALWAYS_EMBED_SWIFT_STANDARD_LIBRARIES = YES;
				CODE_SIGN_STYLE = Automatic;
				CURRENT_PROJECT_VERSION = 1;
				GENERATE_INFOPLIST_FILE = YES;
				MARKETING_VERSION = 1.0;
				PRODUCT_BUNDLE_IDENTIFIER = Generic.TopMenuUITests;
				PRODUCT_NAME = "$(TARGET_NAME)";
				SWIFT_EMIT_LOC_STRINGS = NO;
				SWIFT_VERSION = 5.0;
				TARGETED_DEVICE_FAMILY = "1,2";
				TEST_TARGET_NAME = TopMenu;
			};
			name = Release;
		};
/* End XCBuildConfiguration section */

/* Begin XCConfigurationList section */
		41FD935F2A2CBCFA009C887D /* Build configuration list for PBXProject "TopMenu" */ = {
			isa = XCConfigurationList;
			buildConfigurations = (
				41FD938C2A2CBCFB009C887D /* Debug */,
				41FD938D2A2CBCFB009C887D /* Release */,
			);
			defaultConfigurationIsVisible = 0;
			defaultConfigurationName = Release;
		};
		41FD938E2A2CBCFB009C887D /* Build configuration list for PBXNativeTarget "TopMenu" */ = {
			isa = XCConfigurationList;
			buildConfigurations = (
				41FD938F2A2CBCFB009C887D /* Debug */,
				41FD93902A2CBCFB009C887D /* Release */,
			);
			defaultConfigurationIsVisible = 0;
			defaultConfigurationName = Release;
		};
		41FD93912A2CBCFB009C887D /* Build configuration list for PBXNativeTarget "TopMenuTests" */ = {
			isa = XCConfigurationList;
			buildConfigurations = (
				41FD93922A2CBCFB009C887D /* Debug */,
				41FD93932A2CBCFB009C887D /* Release */,
			);
			defaultConfigurationIsVisible = 0;
			defaultConfigurationName = Release;
		};
		41FD93942A2CBCFB009C887D /* Build configuration list for PBXNativeTarget "TopMenuUITests" */ = {
			isa = XCConfigurationList;
			buildConfigurations = (
				41FD93952A2CBCFB009C887D /* Debug */,
				41FD93962A2CBCFB009C887D /* Release */,
			);
			defaultConfigurationIsVisible = 0;
			defaultConfigurationName = Release;
		};
/* End XCConfigurationList section */
	};
	rootObject = 41FD935C2A2CBCFA009C887D /* Project object */;
}
